
Microsoft Visual Studio Solution File, Format Version 12.00
# Visual Studio 14
VisualStudioVersion = 14.0.25420.1
MinimumVisualStudioVersion = 10.0.40219.1
Project("{2150E333-8FDC-42A3-9474-1A3956D46DE8}") = "src", "src", "{A2F13F35-DEC2-423D-BAD4-567E5DD4E300}"
EndProject
Project("{2150E333-8FDC-42A3-9474-1A3956D46DE8}") = "Solution Items", "Solution Items", "{5B629F96-8B91-49F5-8BA7-48E2B64C4838}"
	ProjectSection(SolutionItems) = preProject
		global.json = global.json
		README.md = README.md
	EndProjectSection
EndProject
Project("{8BB2217D-0F2D-49D1-97BC-3654ED321F3B}") = "SharpStructures", "src\SharpStructures\SharpStructures.xproj", "{EA228C7E-AB38-4946-965E-9DDC1F8D9187}"
EndProject
Project("{8BB2217D-0F2D-49D1-97BC-3654ED321F3B}") = "SharpStructures.Tests", "test\SharpStructures.Tests\SharpStructures.Tests.xproj", "{23FCA1CB-5FB3-4AA5-B3C3-394CEB462D2C}"
EndProject
Project("{2150E333-8FDC-42A3-9474-1A3956D46DE8}") = "test", "test", "{6E2496C4-B932-4D77-82ED-BC6AA2F7235B}"
EndProject
Global
	GlobalSection(SolutionConfigurationPlatforms) = preSolution
		Debug|Any CPU = Debug|Any CPU
		Release|Any CPU = Release|Any CPU
	EndGlobalSection
	GlobalSection(ProjectConfigurationPlatforms) = postSolution
		{EA228C7E-AB38-4946-965E-9DDC1F8D9187}.Debug|Any CPU.ActiveCfg = Debug|Any CPU
		{EA228C7E-AB38-4946-965E-9DDC1F8D9187}.Debug|Any CPU.Build.0 = Debug|Any CPU
		{EA228C7E-AB38-4946-965E-9DDC1F8D9187}.Release|Any CPU.ActiveCfg = Release|Any CPU
		{EA228C7E-AB38-4946-965E-9DDC1F8D9187}.Release|Any CPU.Build.0 = Release|Any CPU
		{23FCA1CB-5FB3-4AA5-B3C3-394CEB462D2C}.Debug|Any CPU.ActiveCfg = Debug|Any CPU
		{23FCA1CB-5FB3-4AA5-B3C3-394CEB462D2C}.Debug|Any CPU.Build.0 = Debug|Any CPU
		{23FCA1CB-5FB3-4AA5-B3C3-394CEB462D2C}.Release|Any CPU.ActiveCfg = Release|Any CPU
		{23FCA1CB-5FB3-4AA5-B3C3-394CEB462D2C}.Release|Any CPU.Build.0 = Release|Any CPU
	EndGlobalSection
	GlobalSection(SolutionProperties) = preSolution
		HideSolutionNode = FALSE
	EndGlobalSection
	GlobalSection(NestedProjects) = preSolution
		{EA228C7E-AB38-4946-965E-9DDC1F8D9187} = {A2F13F35-DEC2-423D-BAD4-567E5DD4E300}
		{23FCA1CB-5FB3-4AA5-B3C3-394CEB462D2C} = {6E2496C4-B932-4D77-82ED-BC6AA2F7235B}
	EndGlobalSection
EndGlobal
